github.com/emicklei/dot v1.11.0 h1:zsrhCuFHAJge/aZIC4N4LdHy5tqYu4tWEaUzIwdYj4Y=
github.com/emicklei/dot v1.11.0/go.mod h1:DeV7GvQtIw4h2u73RKBkkFdvVAz0D9fzeJrgPW6gy/s=
golang.org/x/text v0.37.0 h1:Cqjiwd9eSg8e0QAkyCaQTNHFIIzWtidPahFWR83rTrc=
golang.org/x/text v0.37.0/go.mod h1:a5sjxXGs9hsn/AJVwuElvCAo9v8QYLzvavO5z2PiM38=
