github.com/emicklei/dot v1.9.2 h1:E/Wjz+BAH+JDhybEpISbo+QyDMNSiu/wqmIW9y922P8=
github.com/emicklei/dot v1.9.2/go.mod h1:DeV7GvQtIw4h2u73RKBkkFdvVAz0D9fzeJrgPW6gy/s=
golang.org/x/text v0.30.0 h1:yznKA/E9zq54KzlzBEAWn1NXSQ8DIp/NYMy88xJjl4k=
golang.org/x/text v0.30.0/go.mod h1:yDdHFIX9t+tORqspjENWgzaCVXgk0yYnYuSZ8UzzBVM=
